
Microsoft Visual Studio Solution File, Format Version 12.00
# Visual Studio Version 16
VisualStudioVersion = 16.0.30011.22
MinimumVisualStudioVersion = 10.0.40219.1
Project("{FAE04EC0-301F-11D3-BF4B-00C04F79EFBC}") = "ApiLbWebs", "ApiLbWebs\ApiLbWebs.csproj", "{EBDB85ED-7E47-4D56-94B3-8CCF208BE4BA}"
EndProject
Global
	GlobalSection(SolutionConfigurationPlatforms) = preSolution
		Debug|Any CPU = Debug|Any CPU
		Release|Any CPU = Release|Any CPU
	EndGlobalSection
	GlobalSection(ProjectConfigurationPlatforms) = postSolution
		{EBDB85ED-7E47-4D56-94B3-8CCF208BE4BA}.Debug|Any CPU.ActiveCfg = Debug|Any CPU
		{EBDB85ED-7E47-4D56-94B3-8CCF208BE4BA}.Debug|Any CPU.Build.0 = Debug|Any CPU
		{EBDB85ED-7E47-4D56-94B3-8CCF208BE4BA}.Release|Any CPU.ActiveCfg = Release|Any CPU
		{EBDB85ED-7E47-4D56-94B3-8CCF208BE4BA}.Release|Any CPU.Build.0 = Release|Any CPU
	EndGlobalSection
	GlobalSection(SolutionProperties) = preSolution
		HideSolutionNode = FALSE
	EndGlobalSection
	GlobalSection(ExtensibilityGlobals) = postSolution
		SolutionGuid = {682DB1C9-F774-409C-ACB3-34021971A4EC}
	EndGlobalSection
EndGlobal
